
Microsoft Visual Studio Solution File, Format Version 12.00
# Visual Studio 2013
VisualStudioVersion = 12.0.21005.1
MinimumVisualStudioVersion = 10.0.40219.1
Project("{FAE04EC0-301F-11D3-BF4B-00C04F79EFBC}") = "XmltoCsv", "xmltocsv\XmltoCsv.csproj", "{7F844CA5-3FDF-463A-9764-041EDA487041}"
EndProject
Project("{FAE04EC0-301F-11D3-BF4B-00C04F79EFBC}") = "FormatConversion", "FormatConversion\FormatConversion.csproj", "{32AEC08C-7B34-47C7-BC91-D605665E035B}"
EndProject
Global
	GlobalSection(SolutionConfigurationPlatforms) = preSolution
		Debug|Any CPU = Debug|Any CPU
		Release|Any CPU = Release|Any CPU
	EndGlobalSection
	GlobalSection(ProjectConfigurationPlatforms) = postSolution
		{7F844CA5-3FDF-463A-9764-041EDA487041}.Debug|Any CPU.ActiveCfg = Debug|Any CPU
		{7F844CA5-3FDF-463A-9764-041EDA487041}.Debug|Any CPU.Build.0 = Debug|Any CPU
		{7F844CA5-3FDF-463A-9764-041EDA487041}.Release|Any CPU.ActiveCfg = Release|Any CPU
		{7F844CA5-3FDF-463A-9764-041EDA487041}.Release|Any CPU.Build.0 = Release|Any CPU
		{32AEC08C-7B34-47C7-BC91-D605665E035B}.Debug|Any CPU.ActiveCfg = Debug|Any CPU
		{32AEC08C-7B34-47C7-BC91-D605665E035B}.Debug|Any CPU.Build.0 = Debug|Any CPU
		{32AEC08C-7B34-47C7-BC91-D605665E035B}.Release|Any CPU.ActiveCfg = Release|Any CPU
		{32AEC08C-7B34-47C7-BC91-D605665E035B}.Release|Any CPU.Build.0 = Release|Any CPU
	EndGlobalSection
	GlobalSection(SolutionProperties) = preSolution
		HideSolutionNode = FALSE
	EndGlobalSection
EndGlobal
